
Microsoft Visual Studio Solution File, Format Version 12.00
# Visual Studio Version 17
VisualStudioVersion = 17.12.35527.113 d17.12
MinimumVisualStudioVersion = 10.0.40219.1
Project("{FAE04EC0-301F-11D3-BF4B-00C04F79EFBC}") = "SingletonSample", "SingletonSample\SingletonSample.csproj", "{9058EF12-A68F-4595-89D1-C8BAB50FD3E5}"
EndProject
Project("{FAE04EC0-301F-11D3-BF4B-00C04F79EFBC}") = "SingletonSampleDbConnectionManager", "SingletonSampleDbConnectionManager\SingletonSampleDbConnectionManager.csproj", "{29AF151D-D33F-4037-9C80-F6F8628C364F}"
EndProject
Global
	GlobalSection(SolutionConfigurationPlatforms) = preSolution
		Debug|Any CPU = Debug|Any CPU
		Release|Any CPU = Release|Any CPU
	EndGlobalSection
	GlobalSection(ProjectConfigurationPlatforms) = postSolution
		{9058EF12-A68F-4595-89D1-C8BAB50FD3E5}.Debug|Any CPU.ActiveCfg = Debug|Any CPU
		{9058EF12-A68F-4595-89D1-C8BAB50FD3E5}.Debug|Any CPU.Build.0 = Debug|Any CPU
		{9058EF12-A68F-4595-89D1-C8BAB50FD3E5}.Release|Any CPU.ActiveCfg = Release|Any CPU
		{9058EF12-A68F-4595-89D1-C8BAB50FD3E5}.Release|Any CPU.Build.0 = Release|Any CPU
		{29AF151D-D33F-4037-9C80-F6F8628C364F}.Debug|Any CPU.ActiveCfg = Debug|Any CPU
		{29AF151D-D33F-4037-9C80-F6F8628C364F}.Debug|Any CPU.Build.0 = Debug|Any CPU
		{29AF151D-D33F-4037-9C80-F6F8628C364F}.Release|Any CPU.ActiveCfg = Release|Any CPU
		{29AF151D-D33F-4037-9C80-F6F8628C364F}.Release|Any CPU.Build.0 = Release|Any CPU
	EndGlobalSection
	GlobalSection(SolutionProperties) = preSolution
		HideSolutionNode = FALSE
	EndGlobalSection
EndGlobal
